PODS:
  - LXTabBarManager (1.3.0):
    - LXTabBarManager/LXTabBarAnimation (= 1.3.0)
    - LXTabBarManager/LXTabBarManager (= 1.3.0)
  - LXTabBarManager/LXTabBarAnimation (1.3.0)
  - LXTabBarManager/LXTabBarManager (1.3.0):
    - LXTabBarManager/LXTabBarAnimation

DEPENDENCIES:
  - LXTabBarManager (from `./`)

EXTERNAL SOURCES:
  LXTabBarManager:
    :path: "./"

SPEC CHECKSUMS:
  LXTabBarManager: 782ffcc95091e876b632ea5e79f5e170b2ee49cb

PODFILE CHECKSUM: 6102711bd8d710ebe4e6eae9fef36e68133a5d78

COCOAPODS: 1.9.1
